// !$*UTF8*$!
{
	archiveVersion = 1;
	classes = {
	};
	objectVersion = 56;
	objects = {

/* Begin PBXBuildFile section */
		520AC2262BA4284D00B8151D /* AppDelegate.swift in Sources */ = {isa = PBXBuildFile; fileRef = 520AC2252BA4284D00B8151D /* AppDelegate.swift */; };
		520AC2282BA4284D00B8151D /* SceneDelegate.swift in Sources */ = {isa = PBXBuildFile; fileRef = 520AC2272BA4284D00B8151D /* SceneDelegate.swift */; };
		520AC22A2BA4284D00B8151D /* ViewController.swift in Sources */ = {isa = PBXBuildFile; fileRef = 520AC2292BA4284D00B8151D /* ViewController.swift */; };
		520AC22D2BA4284D00B8151D /* Main.storyboard in Resources */ = {isa = PBXBuildFile; fileRef = 520AC22B2BA4284D00B8151D /* Main.storyboard */; };
		520AC22F2BA4284E00B8151D /* Assets.xcassets in Resources */ = {isa = PBXBuildFile; fileRef = 520AC22E2BA4284E00B8151D /* Assets.xcassets */; };
		520AC2322BA4284E00B8151D /* LaunchScreen.storyboard in Resources */ = {isa = PBXBuildFile; fileRef = 520AC2302BA4284E00B8151D /* LaunchScreen.storyboard */; };
		520AC23D2BA4284E00B8151D /* LogProjectTests.swift in Sources */ = {isa = PBXBuildFile; fileRef = 520AC23C2BA4284E00B8151D /* LogProjectTests.swift */; };
		520AC2472BA4284E00B8151D /* LogProjectUITests.swift in Sources */ = {isa = PBXBuildFile; fileRef = 520AC2462BA4284E00B8151D /* LogProjectUITests.swift */; };
		520AC2492BA4284E00B8151D /* LogProjectUITestsLaunchTests.swift in Sources */ = {isa = PBXBuildFile; fileRef = 520AC2482BA4284E00B8151D /* LogProjectUITestsLaunchTests.swift */; };
		520AC2572BA4289800B8151D /* Log.swift in Sources */ = {isa = PBXBuildFile; fileRef = 520AC2562BA4289800B8151D /* Log.swift */; };
/* End PBXBuildFile section */

/* Begin PBXContainerItemProxy section */
		520AC2392BA4284E00B8151D /* PBXContainerItemProxy */ = {
			isa = PBXContainerItemProxy;
			containerPortal = 520AC21A2BA4284D00B8151D /* Project object */;
			proxyType = 1;
			remoteGlobalIDString = 520AC2212BA4284D00B8151D;
			remoteInfo = LogProject;
		};
		520AC2432BA4284E00B8151D /* PBXContainerItemProxy */ = {
			isa = PBXContainerItemProxy;
			containerPortal = 520AC21A2BA4284D00B8151D /* Project object */;
			proxyType = 1;
			remoteGlobalIDString = 520AC2212BA4284D00B8151D;
			remoteInfo = LogProject;
		};
/* End PBXContainerItemProxy section */

/* Begin PBXFileReference section */
		520AC2222BA4284D00B8151D /* LogProject.app */ = {isa = PBXFileReference; explicitFileType = wrapper.application; includeInIndex = 0; path = LogProject.app; sourceTree = BUILT_PRODUCTS_DIR; };
		520AC2252BA4284D00B8151D /* AppDelegate.swift */ = {isa = PBXFileReference; lastKnownFileType = sourcecode.swift; path = AppDelegate.swift; sourceTree = "<group>"; };
		520AC2272BA4284D00B8151D /* SceneDelegate.swift */ = {isa = PBXFileReference; lastKnownFileType = sourcecode.swift; path = SceneDelegate.swift; sourceTree = "<group>"; };
		520AC2292BA4284D00B8151D /* ViewController.swift */ = {isa = PBXFileReference; lastKnownFileType = sourcecode.swift; path = ViewController.swift; sourceTree = "<group>"; };
		520AC22C2BA4284D00B8151D /* Base */ = {isa = PBXFileReference; lastKnownFileType = file.storyboard; name = Base; path = Base.lproj/Main.storyboard; sourceTree = "<group>"; };
		520AC22E2BA4284E00B8151D /* Assets.xcassets */ = {isa = PBXFileReference; lastKnownFileType = folder.assetcatalog; path = Assets.xcassets; sourceTree = "<group>"; };
		520AC2312BA4284E00B8151D /* Base */ = {isa = PBXFileReference; lastKnownFileType = file.storyboard; name = Base; path = Base.lproj/LaunchScreen.storyboard; sourceTree = "<group>"; };
		520AC2332BA4284E00B8151D /* Info.plist */ = {isa = PBXFileReference; lastKnownFileType = text.plist.xml; path = Info.plist; sourceTree = "<group>"; };
		520AC2382BA4284E00B8151D /* LogProjectTests.xctest */ = {isa = PBXFileReference; explicitFileType = wrapper.cfbundle; includeInIndex = 0; path = LogProjectTests.xctest; sourceTree = BUILT_PRODUCTS_DIR; };
		520AC23C2BA4284E00B8151D /* LogProjectTests.swift */ = {isa = PBXFileReference; lastKnownFileType = sourcecode.swift; path = LogProjectTests.swift; sourceTree = "<group>"; };
		520AC2422BA4284E00B8151D /* LogProjectUITests.xctest */ = {isa = PBXFileReference; explicitFileType = wrapper.cfbundle; includeInIndex = 0; path = LogProjectUITests.xctest; sourceTree = BUILT_PRODUCTS_DIR; };
		520AC2462BA4284E00B8151D /* LogProjectUITests.swift */ = {isa = PBXFileReference; lastKnownFileType = sourcecode.swift; path = LogProjectUITests.swift; sourceTree = "<group>"; };
		520AC2482BA4284E00B8151D /* LogProjectUITestsLaunchTests.swift */ = {isa = PBXFileReference; lastKnownFileType = sourcecode.swift; path = LogProjectUITestsLaunchTests.swift; sourceTree = "<group>"; };
		520AC2562BA4289800B8151D /* Log.swift */ = {isa = PBXFileReference; lastKnownFileType = sourcecode.swift; path = Log.swift; sourceTree = "<group>"; };
/* End PBXFileReference section */

/* Begin PBXFrameworksBuildPhase section */
		520AC21F2BA4284D00B8151D /* Frameworks */ = {
			isa = PBXFrameworksBuildPhase;
			buildActionMask = 2147483647;
			files = (
			);
			runOnlyForDeploymentPostprocessing = 0;
		};
		520AC2352BA4284E00B8151D /* Frameworks */ = {
			isa = PBXFrameworksBuildPhase;
			buildActionMask = 2147483647;
			files = (
			);
			runOnlyForDeploymentPostprocessing = 0;
		};
		520AC23F2BA4284E00B8151D /* Frameworks */ = {
			isa = PBXFrameworksBuildPhase;
			buildActionMask = 2147483647;
			files = (
			);
			runOnlyForDeploymentPostprocessing = 0;
		};
/* End PBXFrameworksBuildPhase section */

/* Begin PBXGroup section */
		520AC2192BA4284D00B8151D = {
			isa = PBXGroup;
			children = (
				520AC2242BA4284D00B8151D /* LogProject */,
				520AC23B2BA4284E00B8151D /* LogProjectTests */,
				520AC2452BA4284E00B8151D /* LogProjectUITests */,
				520AC2232BA4284D00B8151D /* Products */,
			);
			sourceTree = "<group>";
		};
		520AC2232BA4284D00B8151D /* Products */ = {
			isa = PBXGroup;
			children = (
				520AC2222BA4284D00B8151D /* LogProject.app */,
				520AC2382BA4284E00B8151D /* LogProjectTests.xctest */,
				520AC2422BA4284E00B8151D /* LogProjectUITests.xctest */,
			);
			name = Products;
			sourceTree = "<group>";
		};
		520AC2242BA4284D00B8151D /* LogProject */ = {
			isa = PBXGroup;
			children = (
				520AC2552BA4289300B8151D /* Log */,
				520AC2252BA4284D00B8151D /* AppDelegate.swift */,
				520AC2272BA4284D00B8151D /* SceneDelegate.swift */,
				520AC2292BA4284D00B8151D /* ViewController.swift */,
				520AC22B2BA4284D00B8151D /* Main.storyboard */,
				520AC22E2BA4284E00B8151D /* Assets.xcassets */,
				520AC2302BA4284E00B8151D /* LaunchScreen.storyboard */,
				520AC2332BA4284E00B8151D /* Info.plist */,
			);
			path = LogProject;
			sourceTree = "<group>";
		};
		520AC23B2BA4284E00B8151D /* LogProjectTests */ = {
			isa = PBXGroup;
			children = (
				520AC23C2BA4284E00B8151D /* LogProjectTests.swift */,
			);
			path = LogProjectTests;
			sourceTree = "<group>";
		};
		520AC2452BA4284E00B8151D /* LogProjectUITests */ = {
			isa = PBXGroup;
			children = (
				520AC2462BA4284E00B8151D /* LogProjectUITests.swift */,
				520AC2482BA4284E00B8151D /* LogProjectUITestsLaunchTests.swift */,
			);
			path = LogProjectUITests;
			sourceTree = "<group>";
		};
		520AC2552BA4289300B8151D /* Log */ = {
			isa = PBXGroup;
			children = (
				520AC2562BA4289800B8151D /* Log.swift */,
			);
			path = Log;
			sourceTree = "<group>";
		};
/* End PBXGroup section */

/* Begin PBXNativeTarget section */
		520AC2212BA4284D00B8151D /* LogProject */ = {
			isa = PBXNativeTarget;
			buildConfigurationList = 520AC24C2BA4284E00B8151D /* Build configuration list for PBXNativeTarget "LogProject" */;
			buildPhases = (
				520AC21E2BA4284D00B8151D /* Sources */,
				520AC21F2BA4284D00B8151D /* Frameworks */,
				520AC2202BA4284D00B8151D /* Resources */,
			);
			buildRules = (
			);
			dependencies = (
			);
			name = LogProject;
			productName = LogProject;
			productReference = 520AC2222BA4284D00B8151D /* LogProject.app */;
			productType = "com.apple.product-type.application";
		};
		520AC2372BA4284E00B8151D /* LogProjectTests */ = {
			isa = PBXNativeTarget;
			buildConfigurationList = 520AC24F2BA4284E00B8151D /* Build configuration list for PBXNativeTarget "LogProjectTests" */;
			buildPhases = (
				520AC2342BA4284E00B8151D /* Sources */,
				520AC2352BA4284E00B8151D /* Frameworks */,
				520AC2362BA4284E00B8151D /* Resources */,
			);
			buildRules = (
			);
			dependencies = (
				520AC23A2BA4284E00B8151D /* PBXTargetDependency */,
			);
			name = LogProjectTests;
			productName = LogProjectTests;
			productReference = 520AC2382BA4284E00B8151D /* LogProjectTests.xctest */;
			productType = "com.apple.product-type.bundle.unit-test";
		};
		520AC2412BA4284E00B8151D /* LogProjectUITests */ = {
			isa = PBXNativeTarget;
			buildConfigurationList = 520AC2522BA4284E00B8151D /* Build configuration list for PBXNativeTarget "LogProjectUITests" */;
			buildPhases = (
				520AC23E2BA4284E00B8151D /* Sources */,
				520AC23F2BA4284E00B8151D /* Frameworks */,
				520AC2402BA4284E00B8151D /* Resources */,
			);
			buildRules = (
			);
			dependencies = (
				520AC2442BA4284E00B8151D /* PBXTargetDependency */,
			);
			name = LogProjectUITests;
			productName = LogProjectUITests;
			productReference = 520AC2422BA4284E00B8151D /* LogProjectUITests.xctest */;
			productType = "com.apple.product-type.bundle.ui-testing";
		};
/* End PBXNativeTarget section */

/* Begin PBXProject section */
		520AC21A2BA4284D00B8151D /* Project object */ = {
			isa = PBXProject;
			attributes = {
				BuildIndependentTargetsInParallel = 1;
				LastSwiftUpdateCheck = 1510;
				LastUpgradeCheck = 1510;
				TargetAttributes = {
					520AC2212BA4284D00B8151D = {
						CreatedOnToolsVersion = 15.1;
					};
					520AC2372BA4284E00B8151D = {
						CreatedOnToolsVersion = 15.1;
						TestTargetID = 520AC2212BA4284D00B8151D;
					};
					520AC2412BA4284E00B8151D = {
						CreatedOnToolsVersion = 15.1;
						TestTargetID = 520AC2212BA4284D00B8151D;
					};
				};
			};
			buildConfigurationList = 520AC21D2BA4284D00B8151D /* Build configuration list for PBXProject "LogProject" */;
			compatibilityVersion = "Xcode 14.0";
			developmentRegion = en;
			hasScannedForEncodings = 0;
			knownRegions = (
				en,
				Base,
			);
			mainGroup = 520AC2192BA4284D00B8151D;
			productRefGroup = 520AC2232BA4284D00B8151D /* Products */;
			projectDirPath = "";
			projectRoot = "";
			targets = (
				520AC2212BA4284D00B8151D /* LogProject */,
				520AC2372BA4284E00B8151D /* LogProjectTests */,
				520AC2412BA4284E00B8151D /* LogProjectUITests */,
			);
		};
/* End PBXProject section */

/* Begin PBXResourcesBuildPhase section */
		520AC2202BA4284D00B8151D /* Resources */ = {
			isa = PBXResourcesBuildPhase;
			buildActionMask = 2147483647;
			files = (
				520AC2322BA4284E00B8151D /* LaunchScreen.storyboard in Resources */,
				520AC22F2BA4284E00B8151D /* Assets.xcassets in Resources */,
				520AC22D2BA4284D00B8151D /* Main.storyboard in Resources */,
			);
			runOnlyForDeploymentPostprocessing = 0;
		};
		520AC2362BA4284E00B8151D /* Resources */ = {
			isa = PBXResourcesBuildPhase;
			buildActionMask = 2147483647;
			files = (
			);
			runOnlyForDeploymentPostprocessing = 0;
		};
		520AC2402BA4284E00B8151D /* Resources */ = {
			isa = PBXResourcesBuildPhase;
			buildActionMask = 2147483647;
			files = (
			);
			runOnlyForDeploymentPostprocessing = 0;
		};
/* End PBXResourcesBuildPhase section */

/* Begin PBXSourcesBuildPhase section */
		520AC21E2BA4284D00B8151D /* Sources */ = {
			isa = PBXSourcesBuildPhase;
			buildActionMask = 2147483647;
			files = (
				520AC22A2BA4284D00B8151D /* ViewController.swift in Sources */,
				520AC2262BA4284D00B8151D /* AppDelegate.swift in Sources */,
				520AC2572BA4289800B8151D /* Log.swift in Sources */,
				520AC2282BA4284D00B8151D /* SceneDelegate.swift in Sources */,
			);
			runOnlyForDeploymentPostprocessing = 0;
		};
		520AC2342BA4284E00B8151D /* Sources */ = {
			isa = PBXSourcesBuildPhase;
			buildActionMask = 2147483647;
			files = (
				520AC23D2BA4284E00B8151D /* LogProjectTests.swift in Sources */,
			);
			runOnlyForDeploymentPostprocessing = 0;
		};
		520AC23E2BA4284E00B8151D /* Sources */ = {
			isa = PBXSourcesBuildPhase;
			buildActionMask = 2147483647;
			files = (
				520AC2472BA4284E00B8151D /* LogProjectUITests.swift in Sources */,
				520AC2492BA4284E00B8151D /* LogProjectUITestsLaunchTests.swift in Sources */,
			);
			runOnlyForDeploymentPostprocessing = 0;
		};
/* End PBXSourcesBuildPhase section */

/* Begin PBXTargetDependency section */
		520AC23A2BA4284E00B8151D /* PBXTargetDependency */ = {
			isa = PBXTargetDependency;
			target = 520AC2212BA4284D00B8151D /* LogProject */;
			targetProxy = 520AC2392BA4284E00B8151D /* PBXContainerItemProxy */;
		};
		520AC2442BA4284E00B8151D /* PBXTargetDependency */ = {
			isa = PBXTargetDependency;
			target = 520AC2212BA4284D00B8151D /* LogProject */;
			targetProxy = 520AC2432BA4284E00B8151D /* PBXContainerItemProxy */;
		};
/* End PBXTargetDependency section */

/* Begin PBXVariantGroup section */
		520AC22B2BA4284D00B8151D /* Main.storyboard */ = {
			isa = PBXVariantGroup;
			children = (
				520AC22C2BA4284D00B8151D /* Base */,
			);
			name = Main.storyboard;
			sourceTree = "<group>";
		};
		520AC2302BA4284E00B8151D /* LaunchScreen.storyboard */ = {
			isa = PBXVariantGroup;
			children = (
				520AC2312BA4284E00B8151D /* Base */,
			);
			name = LaunchScreen.storyboard;
			sourceTree = "<group>";
		};
/* End PBXVariantGroup section */

/* Begin XCBuildConfiguration section */
		520AC24A2BA4284E00B8151D /* Debug */ = {
			isa = XCBuildConfiguration;
			buildSettings = {
				ALWAYS_SEARCH_USER_PATHS = NO;
				ASSETCATALOG_COMPILER_GENERATE_SWIFT_ASSET_SYMBOL_EXTENSIONS = YES;
				CLANG_ANALYZER_NONNULL = YES;
				CLANG_ANALYZER_NUMBER_OBJECT_CONVERSION = YES_AGGRESSIVE;
				CLANG_CXX_LANGUAGE_STANDARD = "gnu++20";
				CLANG_ENABLE_MODULES = YES;
				CLANG_ENABLE_OBJC_ARC = YES;
				CLANG_ENABLE_OBJC_WEAK = YES;
				CLANG_WARN_BLOCK_CAPTURE_AUTORELEASING = YES;
				CLANG_WARN_BOOL_CONVERSION = YES;
				CLANG_WARN_COMMA = YES;
				CLANG_WARN_CONSTANT_CONVERSION = YES;
				CLANG_WARN_DEPRECATED_OBJC_IMPLEMENTATIONS = YES;
				CLANG_WARN_DIRECT_OBJC_ISA_USAGE = YES_ERROR;
				CLANG_WARN_DOCUMENTATION_COMMENTS = YES;
				CLANG_WARN_EMPTY_BODY = YES;
				CLANG_WARN_ENUM_CONVERSION = YES;
				CLANG_WARN_INFINITE_RECURSION = YES;
				CLANG_WARN_INT_CONVERSION = YES;
				CLANG_WARN_NON_LITERAL_NULL_CONVERSION = YES;
				CLANG_WARN_OBJC_IMPLICIT_RETAIN_SELF = YES;
				CLANG_WARN_OBJC_LITERAL_CONVERSION = YES;
				CLANG_WARN_OBJC_ROOT_CLASS = YES_ERROR;
				CLANG_WARN_QUOTED_INCLUDE_IN_FRAMEWORK_HEADER = YES;
				CLANG_WARN_RANGE_LOOP_ANALYSIS = YES;
				CLANG_WARN_STRICT_PROTOTYPES = YES;
				CLANG_WARN_SUSPICIOUS_MOVE = YES;
				CLANG_WARN_UNGUARDED_AVAILABILITY = YES_AGGRESSIVE;
				CLANG_WARN_UNREACHABLE_CODE = YES;
				CLANG_WARN__DUPLICATE_METHOD_MATCH = YES;
				COPY_PHASE_STRIP = NO;
				DEBUG_INFORMATION_FORMAT = dwarf;
				ENABLE_STRICT_OBJC_MSGSEND = YES;
				ENABLE_TESTABILITY = YES;
				ENABLE_USER_SCRIPT_SANDBOXING = YES;
				GCC_C_LANGUAGE_STANDARD = gnu17;
				GCC_DYNAMIC_NO_PIC = NO;
				GCC_NO_COMMON_BLOCKS = YES;
				GCC_OPTIMIZATION_LEVEL = 0;
				GCC_PREPROCESSOR_DEFINITIONS = (
					"DEBUG=1",
					"$(inherited)",
				);
				GCC_WARN_64_TO_32_BIT_CONVERSION = YES;
				GCC_WARN_ABOUT_RETURN_TYPE = YES_ERROR;
				GCC_WARN_UNDECLARED_SELECTOR = YES;
				GCC_WARN_UNINITIALIZED_AUTOS = YES_AGGRESSIVE;
				GCC_WARN_UNUSED_FUNCTION = YES;
				GCC_WARN_UNUSED_VARIABLE = YES;
				IPHONEOS_DEPLOYMENT_TARGET = 17.2;
				LOCALIZATION_PREFERS_STRING_CATALOGS = YES;
				MTL_ENABLE_DEBUG_INFO = INCLUDE_SOURCE;
				MTL_FAST_MATH = YES;
				ONLY_ACTIVE_ARCH = YES;
				SDKROOT = iphoneos;
				SWIFT_ACTIVE_COMPILATION_CONDITIONS = "DEBUG $(inherited)";
				SWIFT_OPTIMIZATION_LEVEL = "-Onone";
			};
			name = Debug;
		};
		520AC24B2BA4284E00B8151D /* Release */ = {
			isa = XCBuildConfiguration;
			buildSettings = {
				ALWAYS_SEARCH_USER_PATHS = NO;
				ASSETCATALOG_COMPILER_GENERATE_SWIFT_ASSET_SYMBOL_EXTENSIONS = YES;
				CLANG_ANALYZER_NONNULL = YES;
				CLANG_ANALYZER_NUMBER_OBJECT_CONVERSION = YES_AGGRESSIVE;
				CLANG_CXX_LANGUAGE_STANDARD = "gnu++20";
				CLANG_ENABLE_MODULES = YES;
				CLANG_ENABLE_OBJC_ARC = YES;
				CLANG_ENABLE_OBJC_WEAK = YES;
				CLANG_WARN_BLOCK_CAPTURE_AUTORELEASING = YES;
				CLANG_WARN_BOOL_CONVERSION = YES;
				CLANG_WARN_COMMA = YES;
				CLANG_WARN_CONSTANT_CONVERSION = YES;
				CLANG_WARN_DEPRECATED_OBJC_IMPLEMENTATIONS = YES;
				CLANG_WARN_DIRECT_OBJC_ISA_USAGE = YES_ERROR;
				CLANG_WARN_DOCUMENTATION_COMMENTS = YES;
				CLANG_WARN_EMPTY_BODY = YES;
				CLANG_WARN_ENUM_CONVERSION = YES;
				CLANG_WARN_INFINITE_RECURSION = YES;
				CLANG_WARN_INT_CONVERSION = YES;
				CLANG_WARN_NON_LITERAL_NULL_CONVERSION = YES;
				CLANG_WARN_OBJC_IMPLICIT_RETAIN_SELF = YES;
				CLANG_WARN_OBJC_LITERAL_CONVERSION = YES;
				CLANG_WARN_OBJC_ROOT_CLASS = YES_ERROR;
				CLANG_WARN_QUOTED_INCLUDE_IN_FRAMEWORK_HEADER = YES;
				CLANG_WARN_RANGE_LOOP_ANALYSIS = YES;
				CLANG_WARN_STRICT_PROTOTYPES = YES;
				CLANG_WARN_SUSPICIOUS_MOVE = YES;
				CLANG_WARN_UNGUARDED_AVAILABILITY = YES_AGGRESSIVE;
				CLANG_WARN_UNREACHABLE_CODE = YES;
				CLANG_WARN__DUPLICATE_METHOD_MATCH = YES;
				COPY_PHASE_STRIP = NO;
				DEBUG_INFORMATION_FORMAT = "dwarf-with-dsym";
				ENABLE_NS_ASSERTIONS = NO;
				ENABLE_STRICT_OBJC_MSGSEND = YES;
				ENABLE_USER_SCRIPT_SANDBOXING = YES;
				GCC_C_LANGUAGE_STANDARD = gnu17;
				GCC_NO_COMMON_BLOCKS = YES;
				GCC_WARN_64_TO_32_BIT_CONVERSION = YES;
				GCC_WARN_ABOUT_RETURN_TYPE = YES_ERROR;
				GCC_WARN_UNDECLARED_SELECTOR = YES;
				GCC_WARN_UNINITIALIZED_AUTOS = YES_AGGRESSIVE;
				GCC_WARN_UNUSED_FUNCTION = YES;
				GCC_WARN_UNUSED_VARIABLE = YES;
				IPHONEOS_DEPLOYMENT_TARGET = 17.2;
				LOCALIZATION_PREFERS_STRING_CATALOGS = YES;
				MTL_ENABLE_DEBUG_INFO = NO;
				MTL_FAST_MATH = YES;
				SDKROOT = iphoneos;
				SWIFT_COMPILATION_MODE = wholemodule;
				VALIDATE_PRODUCT = YES;
			};
			name = Release;
		};
		520AC24D2BA4284E00B8151D /* Debug */ = {
			isa = XCBuildConfiguration;
			buildSettings = {
				ASSETCATALOG_COMPILER_APPICON_NAME = AppIcon;
				ASSETCATALOG_COMPILER_GLOBAL_ACCENT_COLOR_NAME = AccentColor;
				CODE_SIGN_STYLE = Automatic;
				CURRENT_PROJECT_VERSION = 1;
				DEVELOPMENT_TEAM = 4RDNCVS7TT;
				GENERATE_INFOPLIST_FILE = YES;
				INFOPLIST_FILE = LogProject/Info.plist;
				INFOPLIST_KEY_UIApplicationSupportsIndirectInputEvents = YES;
				INFOPLIST_KEY_UILaunchStoryboardName = LaunchScreen;
				INFOPLIST_KEY_UIMainStoryboardFile = Main;
				INFOPLIST_KEY_UISupportedInterfaceOrientations_iPad = "UIInterfaceOrientationPortrait UIInterfaceOrientationPortraitUpsideDown UIInterfaceOrientationLandscapeLeft UIInterfaceOrientationLandscapeRight";
				INFOPLIST_KEY_UISupportedInterfaceOrientations_iPhone = "UIInterfaceOrientationPortrait UIInterfaceOrientationLandscapeLeft UIInterfaceOrientationLandscapeRight";
				LD_RUNPATH_SEARCH_PATHS = (
					"$(inherited)",
					"@executable_path/Frameworks",
				);
				MARKETING_VERSION = 1.0;
				PRODUCT_BUNDLE_IDENTIFIER = com.hgkim2024.LogProject;
				PRODUCT_NAME = "$(TARGET_NAME)";
				SWIFT_EMIT_LOC_STRINGS = YES;
				SWIFT_VERSION = 5.0;
				TARGETED_DEVICE_FAMILY = "1,2";
			};
			name = Debug;
		};
		520AC24E2BA4284E00B8151D /* Release */ = {
			isa = XCBuildConfiguration;
			buildSettings = {
				ASSETCATALOG_COMPILER_APPICON_NAME = AppIcon;
				ASSETCATALOG_COMPILER_GLOBAL_ACCENT_COLOR_NAME = AccentColor;
				CODE_SIGN_STYLE = Automatic;
				CURRENT_PROJECT_VERSION = 1;
				DEVELOPMENT_TEAM = 4RDNCVS7TT;
				GENERATE_INFOPLIST_FILE = YES;
				INFOPLIST_FILE = LogProject/Info.plist;
				INFOPLIST_KEY_UIApplicationSupportsIndirectInputEvents = YES;
				INFOPLIST_KEY_UILaunchStoryboardName = LaunchScreen;
				INFOPLIST_KEY_UIMainStoryboardFile = Main;
				INFOPLIST_KEY_UISupportedInterfaceOrientations_iPad = "UIInterfaceOrientationPortrait UIInterfaceOrientationPortraitUpsideDown UIInterfaceOrientationLandscapeLeft UIInterfaceOrientationLandscapeRight";
				INFOPLIST_KEY_UISupportedInterfaceOrientations_iPhone = "UIInterfaceOrientationPortrait UIInterfaceOrientationLandscapeLeft UIInterfaceOrientationLandscapeRight";
				LD_RUNPATH_SEARCH_PATHS = (
					"$(inherited)",
					"@executable_path/Frameworks",
				);
				MARKETING_VERSION = 1.0;
				PRODUCT_BUNDLE_IDENTIFIER = com.hgkim2024.LogProject;
				PRODUCT_NAME = "$(TARGET_NAME)";
				SWIFT_EMIT_LOC_STRINGS = YES;
				SWIFT_VERSION = 5.0;
				TARGETED_DEVICE_FAMILY = "1,2";
			};
			name = Release;
		};
		520AC2502BA4284E00B8151D /* Debug */ = {
			isa = XCBuildConfiguration;
			buildSettings = {
				ALWAYS_EMBED_SWIFT_STANDARD_LIBRARIES = YES;
				BUNDLE_LOADER = "$(TEST_HOST)";
				CODE_SIGN_STYLE = Automatic;
				CURRENT_PROJECT_VERSION = 1;
				DEVELOPMENT_TEAM = 4RDNCVS7TT;
				GENERATE_INFOPLIST_FILE = YES;
				IPHONEOS_DEPLOYMENT_TARGET = 17.2;
				MARKETING_VERSION = 1.0;
				PRODUCT_BUNDLE_IDENTIFIER = com.hgkim2024.LogProjectTests;
				PRODUCT_NAME = "$(TARGET_NAME)";
				SWIFT_EMIT_LOC_STRINGS = NO;
				SWIFT_VERSION = 5.0;
				TARGETED_DEVICE_FAMILY = "1,2";
				TEST_HOST = "$(BUILT_PRODUCTS_DIR)/LogProject.app/$(BUNDLE_EXECUTABLE_FOLDER_PATH)/LogProject";
			};
			name = Debug;
		};
		520AC2512BA4284E00B8151D /* Release */ = {
			isa = XCBuildConfiguration;
			buildSettings = {
				ALWAYS_EMBED_SWIFT_STANDARD_LIBRARIES = YES;
				BUNDLE_LOADER = "$(TEST_HOST)";
				CODE_SIGN_STYLE = Automatic;
				CURRENT_PROJECT_VERSION = 1;
				DEVELOPMENT_TEAM = 4RDNCVS7TT;
				GENERATE_INFOPLIST_FILE = YES;
				IPHONEOS_DEPLOYMENT_TARGET = 17.2;
				MARKETING_VERSION = 1.0;
				PRODUCT_BUNDLE_IDENTIFIER = com.hgkim2024.LogProjectTests;
				PRODUCT_NAME = "$(TARGET_NAME)";
				SWIFT_EMIT_LOC_STRINGS = NO;
				SWIFT_VERSION = 5.0;
				TARGETED_DEVICE_FAMILY = "1,2";
				TEST_HOST = "$(BUILT_PRODUCTS_DIR)/LogProject.app/$(BUNDLE_EXECUTABLE_FOLDER_PATH)/LogProject";
			};
			name = Release;
		};
		520AC2532BA4284E00B8151D /* Debug */ = {
			isa = XCBuildConfiguration;
			buildSettings = {
				ALWAYS_EMBED_SWIFT_STANDARD_LIBRARIES = YES;
				CODE_SIGN_STYLE = Automatic;
				CURRENT_PROJECT_VERSION = 1;
				DEVELOPMENT_TEAM = 4RDNCVS7TT;
				GENERATE_INFOPLIST_FILE = YES;
				MARKETING_VERSION = 1.0;
				PRODUCT_BUNDLE_IDENTIFIER = com.hgkim2024.LogProjectUITests;
				PRODUCT_NAME = "$(TARGET_NAME)";
				SWIFT_EMIT_LOC_STRINGS = NO;
				SWIFT_VERSION = 5.0;
				TARGETED_DEVICE_FAMILY = "1,2";
				TEST_TARGET_NAME = LogProject;
			};
			name = Debug;
		};
		520AC2542BA4284E00B8151D /* Release */ = {
			isa = XCBuildConfiguration;
			buildSettings = {
				ALWAYS_EMBED_SWIFT_STANDARD_LIBRARIES = YES;
				CODE_SIGN_STYLE = Automatic;
				CURRENT_PROJECT_VERSION = 1;
				DEVELOPMENT_TEAM = 4RDNCVS7TT;
				GENERATE_INFOPLIST_FILE = YES;
				MARKETING_VERSION = 1.0;
				PRODUCT_BUNDLE_IDENTIFIER = com.hgkim2024.LogProjectUITests;
				PRODUCT_NAME = "$(TARGET_NAME)";
				SWIFT_EMIT_LOC_STRINGS = NO;
				SWIFT_VERSION = 5.0;
				TARGETED_DEVICE_FAMILY = "1,2";
				TEST_TARGET_NAME = LogProject;
			};
			name = Release;
		};
/* End XCBuildConfiguration section */

/* Begin XCConfigurationList section */
		520AC21D2BA4284D00B8151D /* Build configuration list for PBXProject "LogProject" */ = {
			isa = XCConfigurationList;
			buildConfigurations = (
				520AC24A2BA4284E00B8151D /* Debug */,
				520AC24B2BA4284E00B8151D /* Release */,
			);
			defaultConfigurationIsVisible = 0;
			defaultConfigurationName = Release;
		};
		520AC24C2BA4284E00B8151D /* Build configuration list for PBXNativeTarget "LogProject" */ = {
			isa = XCConfigurationList;
			buildConfigurations = (
				520AC24D2BA4284E00B8151D /* Debug */,
				520AC24E2BA4284E00B8151D /* Release */,
			);
			defaultConfigurationIsVisible = 0;
			defaultConfigurationName = Release;
		};
		520AC24F2BA4284E00B8151D /* Build configuration list for PBXNativeTarget "LogProjectTests" */ = {
			isa = XCConfigurationList;
			buildConfigurations = (
				520AC2502BA4284E00B8151D /* Debug */,
				520AC2512BA4284E00B8151D /* Release */,
			);
			defaultConfigurationIsVisible = 0;
			defaultConfigurationName = Release;
		};
		520AC2522BA4284E00B8151D /* Build configuration list for PBXNativeTarget "LogProjectUITests" */ = {
			isa = XCConfigurationList;
			buildConfigurations = (
				520AC2532BA4284E00B8151D /* Debug */,
				520AC2542BA4284E00B8151D /* Release */,
			);
			defaultConfigurationIsVisible = 0;
			defaultConfigurationName = Release;
		};
/* End XCConfigurationList section */
	};
	rootObject = 520AC21A2BA4284D00B8151D /* Project object */;
}
